{
  "name": "Sirius",
  "version": "1.0.0",
  "lockfileVersion": 1,
  "requires": true,
  "dependencies": {
    "FileReader": {
      "version": "0.10.2",
      "resolved": "https://registry.npmjs.org/FileReader/-/FileReader-0.10.2.tgz",
      "integrity": "sha1-GxF722te2F4kGsPLEPG3CGUk5Tk="
    }
  }
}
